
Microsoft Visual Studio Solution File, Format Version 11.00
# Visual Studio 2010
Project("{8BC9CEB8-8B4A-11D0-8D11-00A0C91BC942}") = "MyStock", "MyStock\MyStock.vcxproj", "{8ECF1E73-15F6-4BB8-928E-492FF29AA34C}"
EndProject
Global
	GlobalSection(SolutionConfigurationPlatforms) = preSolution
		Debug|Win32 = Debug|Win32
		Release|Win32 = Release|Win32
	EndGlobalSection
	GlobalSection(ProjectConfigurationPlatforms) = postSolution
		{8ECF1E73-15F6-4BB8-928E-492FF29AA34C}.Debug|Win32.ActiveCfg = Debug|Win32
		{8ECF1E73-15F6-4BB8-928E-492FF29AA34C}.Debug|Win32.Build.0 = Debug|Win32
		{8ECF1E73-15F6-4BB8-928E-492FF29AA34C}.Release|Win32.ActiveCfg = Release|Win32
		{8ECF1E73-15F6-4BB8-928E-492FF29AA34C}.Release|Win32.Build.0 = Release|Win32
	EndGlobalSection
	GlobalSection(SolutionProperties) = preSolution
		HideSolutionNode = FALSE
	EndGlobalSection
EndGlobal
